<?xml version="1.0"?>
<plist version="1.0">
	<dict>
		<key>archiveVersion</key>
		<string>1</string>
		<key>classes</key>
		<dict />
		<key>objectVersion</key>
		<string>46</string>
		<key>objects</key>
		<dict>
			<key>6C3F6D47FA69E5B03D263ACF</key>
			<dict>
				<key>explicitFileType</key>
				<string>sourcecode.c.h</string>
				<key>fileEncoding</key>
				<string>30</string>
				<key>isa</key>
				<string>PBXFileReference</string>
				<key>name</key>
				<string>convenience.h</string>
				<key>path</key>
				<string>../Shared/ofxLog4Cpp/libs/log4cpp/include/log4cpp/convenience.h</string>
				<key>sourceTree</key>
				<string>SOURCE_ROOT</string>
			</dict>
			<key>8805B6C6877EA50639247720</key>
			<dict>
				<key>explicitFileType</key>
				<string>sourcecode.c.h</string>
				<key>fileEncoding</key>
				<string>30</string>
				<key>isa</key>
				<string>PBXFileReference</string>
				<key>name</key>
				<string>config.h</string>
				<key>path</key>
				<string>../Shared/ofxLog4Cpp/libs/log4cpp/include/log4cpp/config.h</string>
				<key>sourceTree</key>
				<string>SOURCE_ROOT</string>
			</dict>
			<key>57534EE88BBF7F28CEB9F7AA</key>
			<dict>
				<key>explicitFileType</key>
				<string>sourcecode.c.h</string>
				<key>fileEncoding</key>
				<string>30</string>
				<key>isa</key>
				<string>PBXFileReference</string>
				<key>name</key>
				<string>config-win32.h</string>
				<key>path</key>
				<string>../Shared/ofxLog4Cpp/libs/log4cpp/include/log4cpp/config-win32.h</string>
				<key>sourceTree</key>
				<string>SOURCE_ROOT</string>
			</dict>
			<key>81BECCEEBA6AC5939F4822BF</key>
			<dict>
				<key>explicitFileType</key>
				<string>sourcecode.c.h</string>
				<key>fileEncoding</key>
				<string>30</string>
				<key>isa</key>
				<string>PBXFileReference</string>
				<key>name</key>
				<string>config-win32-stlport-boost.h</string>
				<key>path</key>
				<string>../Shared/ofxLog4Cpp/libs/log4cpp/include/log4cpp/config-win32-stlport-boost.h</string>
				<key>sourceTree</key>
				<string>SOURCE_ROOT</string>
			</dict>
			<key>0AA7850EBB222EDFE9EDB898</key>
			<dict>
				<key>explicitFileType</key>
				<string>sourcecode.c.h</string>
				<key>fileEncoding</key>
				<string>30</string>
				<key>isa</key>
				<string>PBXFileReference</string>
				<key>name</key>
				<string>config-openvms.h</string>
				<key>path</key>
				<string>../Shared/ofxLog4Cpp/libs/log4cpp/include/log4cpp/config-openvms.h</string>
				<key>sourceTree</key>
				<string>SOURCE_ROOT</string>
			</dict>
			<key>EDA873E8F624C14F2728E687</key>
			<dict>
				<key>children</key>
				<array>
					<string>5DD6246FCF51FA6581DCA24D</string>
					<string>0AA7850EBB222EDFE9EDB898</string>
					<string>81BECCEEBA6AC5939F4822BF</string>
					<string>57534EE88BBF7F28CEB9F7AA</string>
					<string>8805B6C6877EA50639247720</string>
					<string>6C3F6D47FA69E5B03D263ACF</string>
				</array>
				<key>isa</key>
				<string>PBXGroup</string>
				<key>name</key>
				<string>log4cpp</string>
				<key>sourceTree</key>
				<string>&lt;group&gt;</string>
			</dict>
			<key>5BE2E1D7ECE93CE886A231D0</key>
			<dict>
				<key>children</key>
				<array>
					<string>EDA873E8F624C14F2728E687</string>
				</array>
				<key>isa</key>
				<string>PBXGroup</string>
				<key>name</key>
				<string>include</string>
				<key>sourceTree</key>
				<string>&lt;group&gt;</string>
			</dict>
			<key>B81F610F249E496E07F25C27</key>
			<dict>
				<key>children</key>
				<array>
					<string>5BE2E1D7ECE93CE886A231D0</string>
				</array>
				<key>isa</key>
				<string>PBXGroup</string>
				<key>name</key>
				<string>log4cpp</string>
				<key>sourceTree</key>
				<string>&lt;group&gt;</string>
			</dict>
			<key>C0F5B5943A84B059B747EC4B</key>
			<dict>
				<key>children</key>
				<array>
					<string>B81F610F249E496E07F25C27</string>
				</array>
				<key>isa</key>
				<string>PBXGroup</string>
				<key>name</key>
				<string>libs</string>
				<key>sourceTree</key>
				<string>&lt;group&gt;</string>
			</dict>
			<key>5DD6246FCF51FA6581DCA24D</key>
			<dict>
				<key>explicitFileType</key>
				<string>sourcecode.c.h</string>
				<key>fileEncoding</key>
				<string>30</string>
				<key>isa</key>
				<string>PBXFileReference</string>
				<key>name</key>
				<string>config-MinGW32.h</string>
				<key>path</key>
				<string>../Shared/ofxLog4Cpp/libs/log4cpp/include/log4cpp/config-MinGW32.h</string>
				<key>sourceTree</key>
				<string>SOURCE_ROOT</string>
			</dict>
			<key>5956DF1982C30160B8843CF6</key>
			<dict>
				<key>explicitFileType</key>
				<string>sourcecode.c.h</string>
				<key>fileEncoding</key>
				<string>30</string>
				<key>isa</key>
				<string>PBXFileReference</string>
				<key>name</key>
				<string>ofxLog4CppChannel.h</string>
				<key>path</key>
				<string>../Shared/ofxLog4Cpp/src/ofxLog4CppChannel.h</string>
				<key>sourceTree</key>
				<string>SOURCE_ROOT</string>
			</dict>
			<key>CB7A974EDB838D66F2291D8E</key>
			<dict>
				<key>fileRef</key>
				<string>6B0DD3E64B93C490C10ED78F</string>
				<key>isa</key>
				<string>PBXBuildFile</string>
			</dict>
			<key>6B0DD3E64B93C490C10ED78F</key>
			<dict>
				<key>explicitFileType</key>
				<string>sourcecode.cpp.cpp</string>
				<key>fileEncoding</key>
				<string>30</string>
				<key>isa</key>
				<string>PBXFileReference</string>
				<key>name</key>
				<string>ofxLog4CppChannel.cpp</string>
				<key>path</key>
				<string>../Shared/ofxLog4Cpp/src/ofxLog4CppChannel.cpp</string>
				<key>sourceTree</key>
				<string>SOURCE_ROOT</string>
			</dict>
			<key>DE480503DE70C9C56C62F2F6</key>
			<dict>
				<key>explicitFileType</key>
				<string>sourcecode.c.h</string>
				<key>fileEncoding</key>
				<string>30</string>
				<key>isa</key>
				<string>PBXFileReference</string>
				<key>name</key>
				<string>ofxLog4Cpp.h</string>
				<key>path</key>
				<string>../Shared/ofxLog4Cpp/src/ofxLog4Cpp.h</string>
				<key>sourceTree</key>
				<string>SOURCE_ROOT</string>
			</dict>
			<key>68D4FEA756FE08E51089C753</key>
			<dict>
				<key>children</key>
				<array>
					<string>ED419E54B5A335708C26FBB2</string>
					<string>DE480503DE70C9C56C62F2F6</string>
					<string>6B0DD3E64B93C490C10ED78F</string>
					<string>5956DF1982C30160B8843CF6</string>
				</array>
				<key>isa</key>
				<string>PBXGroup</string>
				<key>name</key>
				<string>src</string>
				<key>sourceTree</key>
				<string>&lt;group&gt;</string>
			</dict>
			<key>2672063EDFEE743CCC232C06</key>
			<dict>
				<key>children</key>
				<array>
					<string>68D4FEA756FE08E51089C753</string>
					<string>C0F5B5943A84B059B747EC4B</string>
				</array>
				<key>isa</key>
				<string>PBXGroup</string>
				<key>name</key>
				<string>ofxLog4Cpp</string>
				<key>sourceTree</key>
				<string>&lt;group&gt;</string>
			</dict>
			<key>4294267CF1E565AD1BFEACEC</key>
			<dict>
				<key>fileRef</key>
				<string>ED419E54B5A335708C26FBB2</string>
				<key>isa</key>
				<string>PBXBuildFile</string>
			</dict>
			<key>ED419E54B5A335708C26FBB2</key>
			<dict>
				<key>explicitFileType</key>
				<string>sourcecode.cpp.cpp</string>
				<key>fileEncoding</key>
				<string>30</string>
				<key>isa</key>
				<string>PBXFileReference</string>
				<key>name</key>
				<string>ofxLog4Cpp.cpp</string>
				<key>path</key>
				<string>../Shared/ofxLog4Cpp/src/ofxLog4Cpp.cpp</string>
				<key>sourceTree</key>
				<string>SOURCE_ROOT</string>
			</dict>
			<key>635536088FD4ABDE86727369</key>
			<dict>
				<key>fileRef</key>
				<string>17502DEDF1182A544E3DF2CE</string>
				<key>isa</key>
				<string>PBXBuildFile</string>
			</dict>
			<key>17502DEDF1182A544E3DF2CE</key>
			<dict>
				<key>explicitFileType</key>
				<string>sourcecode.cpp.cpp</string>
				<key>fileEncoding</key>
				<string>30</string>
				<key>isa</key>
				<string>PBXFileReference</string>
				<key>name</key>
				<string>Util.cpp</string>
				<key>path</key>
				<string>../Shared/ofxLibwebsockets/libs/ofxLibwebsockets/src/Util.cpp</string>
				<key>sourceTree</key>
				<string>SOURCE_ROOT</string>
			</dict>
			<key>FD4BE8E59EB7F0CA6C35E84C</key>
			<dict>
				<key>fileRef</key>
				<string>0F8A05617FEA28AC4B766FE1</string>
				<key>isa</key>
				<string>PBXBuildFile</string>
			</dict>
			<key>0F8A05617FEA28AC4B766FE1</key>
			<dict>
				<key>explicitFileType</key>
				<string>sourcecode.cpp.cpp</string>
				<key>fileEncoding</key>
				<string>30</string>
				<key>isa</key>
				<string>PBXFileReference</string>
				<key>name</key>
				<string>Server.cpp</string>
				<key>path</key>
				<string>../Shared/ofxLibwebsockets/libs/ofxLibwebsockets/src/Server.cpp</string>
				<key>sourceTree</key>
				<string>SOURCE_ROOT</string>
			</dict>
			<key>901A1C7D315AB9D83F855367</key>
			<dict>
				<key>fileRef</key>
				<string>287DCE59E3A26F2BB05DABD0</string>
				<key>isa</key>
				<string>PBXBuildFile</string>
			</dict>
			<key>287DCE59E3A26F2BB05DABD0</key>
			<dict>
				<key>explicitFileType</key>
				<string>sourcecode.cpp.cpp</string>
				<key>fileEncoding</key>
				<string>30</string>
				<key>isa</key>
				<string>PBXFileReference</string>
				<key>name</key>
				<string>Reactor.cpp</string>
				<key>path</key>
				<string>../Shared/ofxLibwebsockets/libs/ofxLibwebsockets/src/Reactor.cpp</string>
				<key>sourceTree</key>
				<string>SOURCE_ROOT</string>
			</dict>
			<key>2881C0A496BCD214608ECC49</key>
			<dict>
				<key>fileRef</key>
				<string>2CBF4DBC53DDC5FDA2399E3C</string>
				<key>isa</key>
				<string>PBXBuildFile</string>
			</dict>
			<key>2CBF4DBC53DDC5FDA2399E3C</key>
			<dict>
				<key>explicitFileType</key>
				<string>sourcecode.cpp.cpp</string>
				<key>fileEncoding</key>
				<string>30</string>
				<key>isa</key>
				<string>PBXFileReference</string>
				<key>name</key>
				<string>Protocol.cpp</string>
				<key>path</key>
				<string>../Shared/ofxLibwebsockets/libs/ofxLibwebsockets/src/Protocol.cpp</string>
				<key>sourceTree</key>
				<string>SOURCE_ROOT</string>
			</dict>
			<key>50B5B9C8BF5AA819EAE60540</key>
			<dict>
				<key>fileRef</key>
				<string>2149382BA02EF282A4D7B544</string>
				<key>isa</key>
				<string>PBXBuildFile</string>
			</dict>
			<key>2149382BA02EF282A4D7B544</key>
			<dict>
				<key>explicitFileType</key>
				<string>sourcecode.cpp.cpp</string>
				<key>fileEncoding</key>
				<string>30</string>
				<key>isa</key>
				<string>PBXFileReference</string>
				<key>name</key>
				<string>Events.cpp</string>
				<key>path</key>
				<string>../Shared/ofxLibwebsockets/libs/ofxLibwebsockets/src/Events.cpp</string>
				<key>sourceTree</key>
				<string>SOURCE_ROOT</string>
			</dict>
			<key>C64E40666C3C6F2429391EEE</key>
			<dict>
				<key>fileRef</key>
				<string>79C46D7D9CF212B5F011C614</string>
				<key>isa</key>
				<string>PBXBuildFile</string>
			</dict>
			<key>79C46D7D9CF212B5F011C614</key>
			<dict>
				<key>explicitFileType</key>
				<string>sourcecode.cpp.cpp</string>
				<key>fileEncoding</key>
				<string>30</string>
				<key>isa</key>
				<string>PBXFileReference</string>
				<key>name</key>
				<string>Connection.cpp</string>
				<key>path</key>
				<string>../Shared/ofxLibwebsockets/libs/ofxLibwebsockets/src/Connection.cpp</string>
				<key>sourceTree</key>
				<string>SOURCE_ROOT</string>
			</dict>
			<key>57D764C73A131A20E78CB788</key>
			<dict>
				<key>children</key>
				<array>
					<string>A07E5420E0B2CE6566F76D8C</string>
					<string>79C46D7D9CF212B5F011C614</string>
					<string>2149382BA02EF282A4D7B544</string>
					<string>2CBF4DBC53DDC5FDA2399E3C</string>
					<string>287DCE59E3A26F2BB05DABD0</string>
					<string>0F8A05617FEA28AC4B766FE1</string>
					<string>17502DEDF1182A544E3DF2CE</string>
				</array>
				<key>isa</key>
				<string>PBXGroup</string>
				<key>name</key>
				<string>src</string>
				<key>sourceTree</key>
				<string>&lt;group&gt;</string>
			</dict>
			<key>FC36A38E03469AA0C71C970C</key>
			<dict>
				<key>fileRef</key>
				<string>A07E5420E0B2CE6566F76D8C</string>
				<key>isa</key>
				<string>PBXBuildFile</string>
			</dict>
			<key>A07E5420E0B2CE6566F76D8C</key>
			<dict>
				<key>explicitFileType</key>
				<string>sourcecode.cpp.cpp</string>
				<key>fileEncoding</key>
				<string>30</string>
				<key>isa</key>
				<string>PBXFileReference</string>
				<key>name</key>
				<string>Client.cpp</string>
				<key>path</key>
				<string>../Shared/ofxLibwebsockets/libs/ofxLibwebsockets/src/Client.cpp</string>
				<key>sourceTree</key>
				<string>SOURCE_ROOT</string>
			</dict>
			<key>B1BABA0A4F201FF7CA545A93</key>
			<dict>
				<key>explicitFileType</key>
				<string>sourcecode.c.h</string>
				<key>fileEncoding</key>
				<string>30</string>
				<key>isa</key>
				<string>PBXFileReference</string>
				<key>name</key>
				<string>Util.h</string>
				<key>path</key>
				<string>../Shared/ofxLibwebsockets/libs/ofxLibwebsockets/include/ofxLibwebsockets/Util.h</string>
				<key>sourceTree</key>
				<string>SOURCE_ROOT</string>
			</dict>
			<key>78F9A67C43181C5D93DCF856</key>
			<dict>
				<key>explicitFileType</key>
				<string>sourcecode.c.h</string>
				<key>fileEncoding</key>
				<string>30</string>
				<key>isa</key>
				<string>PBXFileReference</string>
				<key>name</key>
				<string>Server.h</string>
				<key>path</key>
				<string>../Shared/ofxLibwebsockets/libs/ofxLibwebsockets/include/ofxLibwebsockets/Server.h</string>
				<key>sourceTree</key>
				<string>SOURCE_ROOT</string>
			</dict>
			<key>5D4151C85F459433F47AD6BE</key>
			<dict>
				<key>explicitFileType</key>
				<string>sourcecode.c.h</string>
				<key>fileEncoding</key>
				<string>30</string>
				<key>isa</key>
				<string>PBXFileReference</string>
				<key>name</key>
				<string>Reactor.h</string>
				<key>path</key>
				<string>../Shared/ofxLibwebsockets/libs/ofxLibwebsockets/include/ofxLibwebsockets/Reactor.h</string>
				<key>sourceTree</key>
				<string>SOURCE_ROOT</string>
			</dict>
			<key>2CEDC30675D2C13C869ECE22</key>
			<dict>
				<key>explicitFileType</key>
				<string>sourcecode.c.h</string>
				<key>fileEncoding</key>
				<string>30</string>
				<key>isa</key>
				<string>PBXFileReference</string>
				<key>name</key>
				<string>Protocol.h</string>
				<key>path</key>
				<string>../Shared/ofxLibwebsockets/libs/ofxLibwebsockets/include/ofxLibwebsockets/Protocol.h</string>
				<key>sourceTree</key>
				<string>SOURCE_ROOT</string>
			</dict>
			<key>A83F6379D2C06E473D6F77B9</key>
			<dict>
				<key>explicitFileType</key>
				<string>sourcecode.c.h</string>
				<key>fileEncoding</key>
				<string>30</string>
				<key>isa</key>
				<string>PBXFileReference</string>
				<key>name</key>
				<string>Events.h</string>
				<key>path</key>
				<string>../Shared/ofxLibwebsockets/libs/ofxLibwebsockets/include/ofxLibwebsockets/Events.h</string>
				<key>sourceTree</key>
				<string>SOURCE_ROOT</string>
			</dict>
			<key>7CE7A4954E2104E03F570FDB</key>
			<dict>
				<key>explicitFileType</key>
				<string>sourcecode.c.h</string>
				<key>fileEncoding</key>
				<string>30</string>
				<key>isa</key>
				<string>PBXFileReference</string>
				<key>name</key>
				<string>Connection.h</string>
				<key>path</key>
				<string>../Shared/ofxLibwebsockets/libs/ofxLibwebsockets/include/ofxLibwebsockets/Connection.h</string>
				<key>sourceTree</key>
				<string>SOURCE_ROOT</string>
			</dict>
			<key>7B87214087DA346D81BF07C4</key>
			<dict>
				<key>children</key>
				<array>
					<string>2227EFF680FE0CD6AEAC5B7B</string>
					<string>7CE7A4954E2104E03F570FDB</string>
					<string>A83F6379D2C06E473D6F77B9</string>
					<string>2CEDC30675D2C13C869ECE22</string>
					<string>5D4151C85F459433F47AD6BE</string>
					<string>78F9A67C43181C5D93DCF856</string>
					<string>B1BABA0A4F201FF7CA545A93</string>
				</array>
				<key>isa</key>
				<string>PBXGroup</string>
				<key>name</key>
				<string>ofxLibwebsockets</string>
				<key>sourceTree</key>
				<string>&lt;group&gt;</string>
			</dict>
			<key>9B6F57BDDD3A6EC110D30E19</key>
			<dict>
				<key>children</key>
				<array>
					<string>7B87214087DA346D81BF07C4</string>
				</array>
				<key>isa</key>
				<string>PBXGroup</string>
				<key>name</key>
				<string>include</string>
				<key>sourceTree</key>
				<string>&lt;group&gt;</string>
			</dict>
			<key>788B9E2BDE441F18048B8F48</key>
			<dict>
				<key>children</key>
				<array>
					<string>9B6F57BDDD3A6EC110D30E19</string>
					<string>57D764C73A131A20E78CB788</string>
				</array>
				<key>isa</key>
				<string>PBXGroup</string>
				<key>name</key>
				<string>ofxLibwebsockets</string>
				<key>sourceTree</key>
				<string>&lt;group&gt;</string>
			</dict>
			<key>2227EFF680FE0CD6AEAC5B7B</key>
			<dict>
				<key>explicitFileType</key>
				<string>sourcecode.c.h</string>
				<key>fileEncoding</key>
				<string>30</string>
				<key>isa</key>
				<string>PBXFileReference</string>
				<key>name</key>
				<string>Client.h</string>
				<key>path</key>
				<string>../Shared/ofxLibwebsockets/libs/ofxLibwebsockets/include/ofxLibwebsockets/Client.h</string>
				<key>sourceTree</key>
				<string>SOURCE_ROOT</string>
			</dict>
			<key>AB554125408DF0757601EB89</key>
			<dict>
				<key>explicitFileType</key>
				<string>sourcecode.c.h</string>
				<key>fileEncoding</key>
				<string>30</string>
				<key>isa</key>
				<string>PBXFileReference</string>
				<key>name</key>
				<string>lws_config.h</string>
				<key>path</key>
				<string>../Shared/ofxLibwebsockets/libs/libwebsockets/include/lws_config.h</string>
				<key>sourceTree</key>
				<string>SOURCE_ROOT</string>
			</dict>
			<key>A9E817247F4CCCCA86F1168B</key>
			<dict>
				<key>children</key>
				<array>
					<string>C3E809EE2129D7130AED7172</string>
					<string>AB554125408DF0757601EB89</string>
				</array>
				<key>isa</key>
				<string>PBXGroup</string>
				<key>name</key>
				<string>include</string>
				<key>sourceTree</key>
				<string>&lt;group&gt;</string>
			</dict>
			<key>B064C14BC2EBBCDFF2F62BA9</key>
			<dict>
				<key>children</key>
				<array>
					<string>A9E817247F4CCCCA86F1168B</string>
				</array>
				<key>isa</key>
				<string>PBXGroup</string>
				<key>name</key>
				<string>libwebsockets</string>
				<key>sourceTree</key>
				<string>&lt;group&gt;</string>
			</dict>
			<key>C3E809EE2129D7130AED7172</key>
			<dict>
				<key>explicitFileType</key>
				<string>sourcecode.c.h</string>
				<key>fileEncoding</key>
				<string>30</string>
				<key>isa</key>
				<string>PBXFileReference</string>
				<key>name</key>
				<string>libwebsockets.h</string>
				<key>path</key>
				<string>../Shared/ofxLibwebsockets/libs/libwebsockets/include/libwebsockets.h</string>
				<key>sourceTree</key>
				<string>SOURCE_ROOT</string>
			</dict>
			<key>3A9637504D3CD591629716DC</key>
			<dict>
				<key>fileRef</key>
				<string>AC78272AD497A1103B990769</string>
				<key>isa</key>
				<string>PBXBuildFile</string>
			</dict>
			<key>AC78272AD497A1103B990769</key>
			<dict>
				<key>explicitFileType</key>
				<string>sourcecode.cpp.cpp</string>
				<key>fileEncoding</key>
				<string>30</string>
				<key>isa</key>
				<string>PBXFileReference</string>
				<key>name</key>
				<string>jsoncpp.cpp</string>
				<key>path</key>
				<string>../Shared/ofxLibwebsockets/libs/jsoncpp/jsoncpp.cpp</string>
				<key>sourceTree</key>
				<string>SOURCE_ROOT</string>
			</dict>
			<key>826D78563210E8EA561DD0E1</key>
			<dict>
				<key>explicitFileType</key>
				<string>sourcecode.c.h</string>
				<key>fileEncoding</key>
				<string>30</string>
				<key>isa</key>
				<string>PBXFileReference</string>
				<key>name</key>
				<string>json.h</string>
				<key>path</key>
				<string>../Shared/ofxLibwebsockets/libs/jsoncpp/json/json.h</string>
				<key>sourceTree</key>
				<string>SOURCE_ROOT</string>
			</dict>
			<key>A787E6DFCD4C95B30AC81737</key>
			<dict>
				<key>children</key>
				<array>
					<string>E13622B4C3C17C0D6298E93B</string>
					<string>826D78563210E8EA561DD0E1</string>
				</array>
				<key>isa</key>
				<string>PBXGroup</string>
				<key>name</key>
				<string>json</string>
				<key>sourceTree</key>
				<string>&lt;group&gt;</string>
			</dict>
			<key>9093B4F93B5A1AEC4A4D3EB7</key>
			<dict>
				<key>children</key>
				<array>
					<string>A787E6DFCD4C95B30AC81737</string>
					<string>AC78272AD497A1103B990769</string>
				</array>
				<key>isa</key>
				<string>PBXGroup</string>
				<key>name</key>
				<string>jsoncpp</string>
				<key>sourceTree</key>
				<string>&lt;group&gt;</string>
			</dict>
			<key>7FB879F3ADB226C4FE1B6053</key>
			<dict>
				<key>children</key>
				<array>
					<string>9093B4F93B5A1AEC4A4D3EB7</string>
					<string>B064C14BC2EBBCDFF2F62BA9</string>
					<string>788B9E2BDE441F18048B8F48</string>
				</array>
				<key>isa</key>
				<string>PBXGroup</string>
				<key>name</key>
				<string>libs</string>
				<key>sourceTree</key>
				<string>&lt;group&gt;</string>
			</dict>
			<key>E13622B4C3C17C0D6298E93B</key>
			<dict>
				<key>explicitFileType</key>
				<string>sourcecode.c.h</string>
				<key>fileEncoding</key>
				<string>30</string>
				<key>isa</key>
				<string>PBXFileReference</string>
				<key>name</key>
				<string>json-forwards.h</string>
				<key>path</key>
				<string>../Shared/ofxLibwebsockets/libs/jsoncpp/json/json-forwards.h</string>
				<key>sourceTree</key>
				<string>SOURCE_ROOT</string>
			</dict>
			<key>EF21AA70E94DBDCDA0A51667</key>
			<dict>
				<key>children</key>
				<array>
					<string>137795CB07B0DA9E3DBF366D</string>
				</array>
				<key>isa</key>
				<string>PBXGroup</string>
				<key>name</key>
				<string>src</string>
				<key>sourceTree</key>
				<string>&lt;group&gt;</string>
			</dict>
			<key>60A96B239008F06236BA66AC</key>
			<dict>
				<key>children</key>
				<array>
					<string>EF21AA70E94DBDCDA0A51667</string>
					<string>7FB879F3ADB226C4FE1B6053</string>
				</array>
				<key>isa</key>
				<string>PBXGroup</string>
				<key>name</key>
				<string>ofxLibwebsockets</string>
				<key>sourceTree</key>
				<string>&lt;group&gt;</string>
			</dict>
			<key>137795CB07B0DA9E3DBF366D</key>
			<dict>
				<key>explicitFileType</key>
				<string>sourcecode.c.h</string>
				<key>fileEncoding</key>
				<string>30</string>
				<key>isa</key>
				<string>PBXFileReference</string>
				<key>name</key>
				<string>ofxLibwebsockets.h</string>
				<key>path</key>
				<string>../Shared/ofxLibwebsockets/src/ofxLibwebsockets.h</string>
				<key>sourceTree</key>
				<string>SOURCE_ROOT</string>
			</dict>
			<key>0A1DAC09F322AE313A40706D</key>
			<dict>
				<key>explicitFileType</key>
				<string>sourcecode.c.h</string>
				<key>fileEncoding</key>
				<string>30</string>
				<key>isa</key>
				<string>PBXFileReference</string>
				<key>name</key>
				<string>ofxToggle.h</string>
				<key>path</key>
				<string>../../../addons/ofxGui/src/ofxToggle.h</string>
				<key>sourceTree</key>
				<string>SOURCE_ROOT</string>
			</dict>
			<key>1CD33E884D9E3358252E82A1</key>
			<dict>
				<key>fileRef</key>
				<string>907C5B5E104864A2D3A25745</string>
				<key>isa</key>
				<string>PBXBuildFile</string>
			</dict>
			<key>907C5B5E104864A2D3A25745</key>
			<dict>
				<key>explicitFileType</key>
				<string>sourcecode.cpp.cpp</string>
				<key>fileEncoding</key>
				<string>30</string>
				<key>isa</key>
				<string>PBXFileReference</string>
				<key>name</key>
				<string>ofxToggle.cpp</string>
				<key>path</key>
				<string>../../../addons/ofxGui/src/ofxToggle.cpp</string>
				<key>sourceTree</key>
				<string>SOURCE_ROOT</string>
			</dict>
			<key>C70D8946940288799E82131E</key>
			<dict>
				<key>explicitFileType</key>
				<string>sourcecode.c.h</string>
				<key>fileEncoding</key>
				<string>30</string>
				<key>isa</key>
				<string>PBXFileReference</string>
				<key>name</key>
				<string>ofxSliderGroup.h</string>
				<key>path</key>
				<string>../../../addons/ofxGui/src/ofxSliderGroup.h</string>
				<key>sourceTree</key>
				<string>SOURCE_ROOT</string>
			</dict>
			<key>B56FE57CC35806596D38118C</key>
			<dict>
				<key>fileRef</key>
				<string>802251BAF1B35B1D67B32FD0</string>
				<key>isa</key>
				<string>PBXBuildFile</string>
			</dict>
			<key>802251BAF1B35B1D67B32FD0</key>
			<dict>
				<key>explicitFileType</key>
				<string>sourcecode.cpp.cpp</string>
				<key>fileEncoding</key>
				<string>30</string>
				<key>isa</key>
				<string>PBXFileReference</string>
				<key>name</key>
				<string>ofxSliderGroup.cpp</string>
				<key>path</key>
				<string>../../../addons/ofxGui/src/ofxSliderGroup.cpp</string>
				<key>sourceTree</key>
				<string>SOURCE_ROOT</string>
			</dict>
			<key>52AFA1F08C420992CAAAE648</key>
			<dict>
				<key>explicitFileType</key>
				<string>sourcecode.c.h</string>
				<key>fileEncoding</key>
				<string>30</string>
				<key>isa</key>
				<string>PBXFileReference</string>
				<key>name</key>
				<string>ofxSlider.h</string>
				<key>path</key>
				<string>../../../addons/ofxGui/src/ofxSlider.h</string>
				<key>sourceTree</key>
				<string>SOURCE_ROOT</string>
			</dict>
			<key>837220E80EB56CD44AD27F2A</key>
			<dict>
				<key>fileRef</key>
				<string>15F2C6477A769C03A56D1401</string>
				<key>isa</key>
				<string>PBXBuildFile</string>
			</dict>
			<key>15F2C6477A769C03A56D1401</key>
			<dict>
				<key>explicitFileType</key>
				<string>sourcecode.cpp.cpp</string>
				<key>fileEncoding</key>
				<string>30</string>
				<key>isa</key>
				<string>PBXFileReference</string>
				<key>name</key>
				<string>ofxSlider.cpp</string>
				<key>path</key>
				<string>../../../addons/ofxGui/src/ofxSlider.cpp</string>
				<key>sourceTree</key>
				<string>SOURCE_ROOT</string>
			</dict>
			<key>89449E3044D456F7DE7BEA14</key>
			<dict>
				<key>explicitFileType</key>
				<string>sourcecode.c.h</string>
				<key>fileEncoding</key>
				<string>30</string>
				<key>isa</key>
				<string>PBXFileReference</string>
				<key>name</key>
				<string>ofxPanel.h</string>
				<key>path</key>
				<string>../../../addons/ofxGui/src/ofxPanel.h</string>
				<key>sourceTree</key>
				<string>SOURCE_ROOT</string>
			</dict>
			<key>F285EB3169F1566CA3D93C20</key>
			<dict>
				<key>fileRef</key>
				<string>E112B3AEBEA2C091BF2B40AE</string>
				<key>isa</key>
				<string>PBXBuildFile</string>
			</dict>
			<key>E112B3AEBEA2C091BF2B40AE</key>
			<dict>
				<key>explicitFileType</key>
				<string>sourcecode.cpp.cpp</string>
				<key>fileEncoding</key>
				<string>30</string>
				<key>isa</key>
				<string>PBXFileReference</string>
				<key>name</key>
				<string>ofxPanel.cpp</string>
				<key>path</key>
				<string>../../../addons/ofxGui/src/ofxPanel.cpp</string>
				<key>sourceTree</key>
				<string>SOURCE_ROOT</string>
			</dict>
			<key>B87C60311EC1FE841C1ECD89</key>
			<dict>
				<key>explicitFileType</key>
				<string>sourcecode.c.h</string>
				<key>fileEncoding</key>
				<string>30</string>
				<key>isa</key>
				<string>PBXFileReference</string>
				<key>name</key>
				<string>ofxLabel.h</string>
				<key>path</key>
				<string>../../../addons/ofxGui/src/ofxLabel.h</string>
				<key>sourceTree</key>
				<string>SOURCE_ROOT</string>
			</dict>
			<key>483908258D00B98B4BE69F07</key>
			<dict>
				<key>fileRef</key>
				<string>78D67A00EB899FAC09430597</string>
				<key>isa</key>
				<string>PBXBuildFile</string>
			</dict>
			<key>78D67A00EB899FAC09430597</key>
			<dict>
				<key>explicitFileType</key>
				<string>sourcecode.cpp.cpp</string>
				<key>fileEncoding</key>
				<string>30</string>
				<key>isa</key>
				<string>PBXFileReference</string>
				<key>name</key>
				<string>ofxLabel.cpp</string>
				<key>path</key>
				<string>../../../addons/ofxGui/src/ofxLabel.cpp</string>
				<key>sourceTree</key>
				<string>SOURCE_ROOT</string>
			</dict>
			<key>1C0DA2561397A7DE0246858B</key>
			<dict>
				<key>explicitFileType</key>
				<string>sourcecode.c.h</string>
				<key>fileEncoding</key>
				<string>30</string>
				<key>isa</key>
				<string>PBXFileReference</string>
				<key>name</key>
				<string>ofxGuiGroup.h</string>
				<key>path</key>
				<string>../../../addons/ofxGui/src/ofxGuiGroup.h</string>
				<key>sourceTree</key>
				<string>SOURCE_ROOT</string>
			</dict>
			<key>B266578FC55D23BFEBC042E7</key>
			<dict>
				<key>fileRef</key>
				<string>ECF8674C7975F1063C5E30CA</string>
				<key>isa</key>
				<string>PBXBuildFile</string>
			</dict>
			<key>ECF8674C7975F1063C5E30CA</key>
			<dict>
				<key>explicitFileType</key>
				<string>sourcecode.cpp.cpp</string>
				<key>fileEncoding</key>
				<string>30</string>
				<key>isa</key>
				<string>PBXFileReference</string>
				<key>name</key>
				<string>ofxGuiGroup.cpp</string>
				<key>path</key>
				<string>../../../addons/ofxGui/src/ofxGuiGroup.cpp</string>
				<key>sourceTree</key>
				<string>SOURCE_ROOT</string>
			</dict>
			<key>17E65988300FBD9AAA2CD0CA</key>
			<dict>
				<key>explicitFileType</key>
				<string>sourcecode.c.h</string>
				<key>fileEncoding</key>
				<string>30</string>
				<key>isa</key>
				<string>PBXFileReference</string>
				<key>name</key>
				<string>ofxGui.h</string>
				<key>path</key>
				<string>../../../addons/ofxGui/src/ofxGui.h</string>
				<key>sourceTree</key>
				<string>SOURCE_ROOT</string>
			</dict>
			<key>2834D88A62CD23F3DE2C47D1</key>
			<dict>
				<key>explicitFileType</key>
				<string>sourcecode.c.h</string>
				<key>fileEncoding</key>
				<string>30</string>
				<key>isa</key>
				<string>PBXFileReference</string>
				<key>name</key>
				<string>ofxButton.h</string>
				<key>path</key>
				<string>../../../addons/ofxGui/src/ofxButton.h</string>
				<key>sourceTree</key>
				<string>SOURCE_ROOT</string>
			</dict>
			<key>5CBB2AB3A60F65431D7B555D</key>
			<dict>
				<key>fileRef</key>
				<string>C88333E71C9457E441C33474</string>
				<key>isa</key>
				<string>PBXBuildFile</string>
			</dict>
			<key>C88333E71C9457E441C33474</key>
			<dict>
				<key>explicitFileType</key>
				<string>sourcecode.cpp.cpp</string>
				<key>fileEncoding</key>
				<string>30</string>
				<key>isa</key>
				<string>PBXFileReference</string>
				<key>name</key>
				<string>ofxButton.cpp</string>
				<key>path</key>
				<string>../../../addons/ofxGui/src/ofxButton.cpp</string>
				<key>sourceTree</key>
				<string>SOURCE_ROOT</string>
			</dict>
			<key>87F26B4B24CBD428AD9EEBAA</key>
			<dict>
				<key>explicitFileType</key>
				<string>sourcecode.c.h</string>
				<key>fileEncoding</key>
				<string>30</string>
				<key>isa</key>
				<string>PBXFileReference</string>
				<key>name</key>
				<string>ofxBaseGui.h</string>
				<key>path</key>
				<string>../../../addons/ofxGui/src/ofxBaseGui.h</string>
				<key>sourceTree</key>
				<string>SOURCE_ROOT</string>
			</dict>
			<key>A763ED608B35AE3310251DEE</key>
			<dict>
				<key>children</key>
				<array>
					<string>9604B925D32EE39065747725</string>
					<string>87F26B4B24CBD428AD9EEBAA</string>
					<string>C88333E71C9457E441C33474</string>
					<string>2834D88A62CD23F3DE2C47D1</string>
					<string>17E65988300FBD9AAA2CD0CA</string>
					<string>ECF8674C7975F1063C5E30CA</string>
					<string>1C0DA2561397A7DE0246858B</string>
					<string>78D67A00EB899FAC09430597</string>
					<string>B87C60311EC1FE841C1ECD89</string>
					<string>E112B3AEBEA2C091BF2B40AE</string>
					<string>89449E3044D456F7DE7BEA14</string>
					<string>15F2C6477A769C03A56D1401</string>
					<string>52AFA1F08C420992CAAAE648</string>
					<string>802251BAF1B35B1D67B32FD0</string>
					<string>C70D8946940288799E82131E</string>
					<string>907C5B5E104864A2D3A25745</string>
					<string>0A1DAC09F322AE313A40706D</string>
				</array>
				<key>isa</key>
				<string>PBXGroup</string>
				<key>name</key>
				<string>src</string>
				<key>sourceTree</key>
				<string>&lt;group&gt;</string>
			</dict>
			<key>480A780D8D0308AE4A368801</key>
			<dict>
				<key>children</key>
				<array>
					<string>A763ED608B35AE3310251DEE</string>
				</array>
				<key>isa</key>
				<string>PBXGroup</string>
				<key>name</key>
				<string>ofxGui</string>
				<key>sourceTree</key>
				<string>&lt;group&gt;</string>
			</dict>
			<key>856AA354D08AB4B323081444</key>
			<dict>
				<key>fileRef</key>
				<string>9604B925D32EE39065747725</string>
				<key>isa</key>
				<string>PBXBuildFile</string>
			</dict>
			<key>9604B925D32EE39065747725</key>
			<dict>
				<key>explicitFileType</key>
				<string>sourcecode.cpp.cpp</string>
				<key>fileEncoding</key>
				<string>30</string>
				<key>isa</key>
				<string>PBXFileReference</string>
				<key>name</key>
				<string>ofxBaseGui.cpp</string>
				<key>path</key>
				<string>../../../addons/ofxGui/src/ofxBaseGui.cpp</string>
				<key>sourceTree</key>
				<string>SOURCE_ROOT</string>
			</dict>
			<key>6948EE371B920CB800B5AC1A</key>
			<dict>
				<key>children</key>
				<array>
					<string>60A96B239008F06236BA66AC</string>
					<string>2672063EDFEE743CCC232C06</string>
				</array>
				<key>isa</key>
				<string>PBXGroup</string>
				<key>name</key>
				<string>local_addons</string>
				<key>sourceTree</key>
				<string>&lt;group&gt;</string>
			</dict>
			<key>8466F1851C04CA0E00918B1C</key>
			<dict>
				<key>buildActionMask</key>
				<string>12</string>
				<key>files</key>
				<array />
				<key>inputPaths</key>
				<array />
				<key>isa</key>
				<string>PBXShellScriptBuildPhase</string>
				<key>outputPaths</key>
				<array />
				<key>runOnlyForDeploymentPostprocessing</key>
				<string>0</string>
				<key>shellPath</key>
				<string>/bin/sh</string>
				<key>shellScript</key>
				<string>echo "$GCC_PREPROCESSOR_DEFINITIONS";
APPSTORE=`expr "$GCC_PREPROCESSOR_DEFINITIONS" : ".*APPSTORE=\([0-9]*\)"`
if [ -z "$APPSTORE" ] ; then
echo "Note: Not copying bin/data to App Package or doing App Code signing. Use AppStore target for AppStore distribution";
else
# Copy bin/data into App/Resources
rsync -avz --exclude='.DS_Store' "${SRCROOT}/bin/data/" "${TARGET_BUILD_DIR}/${UNLOCALIZED_RESOURCES_FOLDER_PATH}/data/"

# ---- Code Sign App Package ----
 
# WARNING: You may have to run Clean in Xcode after changing CODE_SIGN_IDENTITY!

# Verify that $CODE_SIGN_IDENTITY is set
if [ -z "${CODE_SIGN_IDENTITY}" ] ; then
echo "CODE_SIGN_IDENTITY needs to be set for framework code-signing"
exit 0
fi

if [ -z "${CODE_SIGN_ENTITLEMENTS}" ] ; then
echo "CODE_SIGN_ENTITLEMENTS needs to be set for framework code-signing!"

if [ "${CONFIGURATION}" = "Release" ] ; then
exit 1
else
# Code-signing is optional for non-release builds.
exit 0
fi
fi

ITEMS=""

FRAMEWORKS_DIR="${TARGET_BUILD_DIR}/${FRAMEWORKS_FOLDER_PATH}"
echo "$FRAMEWORKS_DIR"
if [ -d "$FRAMEWORKS_DIR" ] ; then
FRAMEWORKS=$(find "${FRAMEWORKS_DIR}" -depth -type d -name "*.framework" -or -name "*.dylib" -or -name "*.bundle" | sed -e "s/\(.*framework\)/\1\/Versions\/A\//")
RESULT=$?
if [[ $RESULT != 0 ]] ; then
exit 1
fi

ITEMS="${FRAMEWORKS}"
fi

LOGINITEMS_DIR="${TARGET_BUILD_DIR}/${CONTENTS_FOLDER_PATH}/Library/LoginItems/"
if [ -d "$LOGINITEMS_DIR" ] ; then
LOGINITEMS=$(find "${LOGINITEMS_DIR}" -depth -type d -name "*.app")
RESULT=$?
if [[ $RESULT != 0 ]] ; then
exit 1
fi

ITEMS="${ITEMS}"$'\n'"${LOGINITEMS}"
fi

# Prefer the expanded name, if available.
CODE_SIGN_IDENTITY_FOR_ITEMS="${EXPANDED_CODE_SIGN_IDENTITY_NAME}"
if [ "${CODE_SIGN_IDENTITY_FOR_ITEMS}" = "" ] ; then
# Fall back to old behavior.
CODE_SIGN_IDENTITY_FOR_ITEMS="${CODE_SIGN_IDENTITY}"
fi

echo "Identity:"
echo "${CODE_SIGN_IDENTITY_FOR_ITEMS}"

echo "Entitlements:"
echo "${CODE_SIGN_ENTITLEMENTS}"

echo "Found:"
echo "${ITEMS}"

# Change the Internal Field Separator (IFS) so that spaces in paths will not cause problems below.
SAVED_IFS=$IFS
IFS=$(echo -en "\n\b")

# Loop through all items.
for ITEM in $ITEMS;
do
echo "Signing '${ITEM}'"
codesign --force --verbose --sign "${CODE_SIGN_IDENTITY_FOR_ITEMS}" --entitlements "${CODE_SIGN_ENTITLEMENTS}" "${ITEM}"
RESULT=$?
if [[ $RESULT != 0 ]] ; then
echo "Failed to sign '${ITEM}'."
IFS=$SAVED_IFS
exit 1
fi
done

# Restore $IFS.
IFS=$SAVED_IFS

fi
</string>
			</dict>
			<key>99FA3DBB1C7456C400CFA0EE</key>
			<dict>
				<key>baseConfigurationReference</key>
				<string>E4EB6923138AFD0F00A09F29</string>
				<key>buildSettings</key>
				<dict>
					<key>OTHER_LDFLAGS</key>
					<array>
						<string>$(OF_CORE_FRAMEWORKS) $(OF_CORE_LIBS)</string>
						<string>../Shared/ofxLibwebsockets/libs/libwebsockets/lib/osx/libwebsockets.a</string>
						<string>../Shared/ofxLog4Cpp/libs/log4cpp/lib/osx/liblog4cpp.a</string>
					</array>
					<key>HEADER_SEARCH_PATHS</key>
					<array>
						<string>$(OF_CORE_HEADERS)</string>
						<string>src</string>
						<string>../../../addons/ofxGui/src</string>
						<string>../Shared/ofxLibwebsockets/libs/jsoncpp</string>
						<string>../Shared/ofxLibwebsockets/libs/jsoncpp/json</string>
						<string>../Shared/ofxLibwebsockets/libs/libwebsockets/include/</string>
						<string>../Shared/ofxLibwebsockets/libs/ofxLibwebsockets/include</string>
						<string>../Shared/ofxLibwebsockets/libs/ofxLibwebsockets/include/ofxLibwebsockets</string>
						<string>../Shared/ofxLibwebsockets/libs/ofxLibwebsockets/src</string>
						<string>../Shared/ofxLibwebsockets/src</string>
						<string>../Shared/ofxLog4Cpp/libs</string>
						<string>../Shared/ofxLog4Cpp/libs/log4cpp</string>
						<string>../Shared/ofxLog4Cpp/libs/log4cpp/include</string>
						<string>../Shared/ofxLog4Cpp/libs/log4cpp/include/log4cpp</string>
						<string>../Shared/ofxLog4Cpp/libs/log4cpp/include/log4cpp/threading</string>
						<string>../Shared/ofxLog4Cpp/libs/log4cpp/lib</string>
						<string>../Shared/ofxLog4Cpp/libs/log4cpp/lib/osx</string>
						<string>../Shared/ofxLog4Cpp/libs/log4cpp/lib/win_cb</string>
						<string>../Shared/ofxLog4Cpp/src</string>
					</array>
					<key>CONFIGURATION_BUILD_DIR</key>
					<string>$(SRCROOT)/bin/</string>
					<key>COPY_PHASE_STRIP</key>
					<string>YES</string>
					<key>DEAD_CODE_STRIPPING</key>
					<string>YES</string>
					<key>GCC_AUTO_VECTORIZATION</key>
					<string>YES</string>
					<key>GCC_ENABLE_SSE3_EXTENSIONS</key>
					<string>YES</string>
					<key>GCC_ENABLE_SUPPLEMENTAL_SSE3_INSTRUCTIONS</key>
					<string>YES</string>
					<key>GCC_INLINES_ARE_PRIVATE_EXTERN</key>
					<string>NO</string>
					<key>GCC_OPTIMIZATION_LEVEL</key>
					<string>3</string>
					<key>GCC_PREPROCESSOR_DEFINITIONS[arch=*]</key>
					<string>DISTRIBUTION=1</string>
					<key>GCC_SYMBOLS_PRIVATE_EXTERN</key>
					<string>NO</string>
					<key>GCC_UNROLL_LOOPS</key>
					<string>YES</string>
					<key>GCC_WARN_ABOUT_DEPRECATED_FUNCTIONS</key>
					<string>YES</string>
					<key>GCC_WARN_ABOUT_INVALID_OFFSETOF_MACRO</key>
					<string>NO</string>
					<key>GCC_WARN_ALLOW_INCOMPLETE_PROTOCOL</key>
					<string>NO</string>
					<key>GCC_WARN_UNINITIALIZED_AUTOS</key>
					<string>NO</string>
					<key>GCC_WARN_UNUSED_VALUE</key>
					<string>NO</string>
					<key>GCC_WARN_UNUSED_VARIABLE</key>
					<string>NO</string>
					<key>MACOSX_DEPLOYMENT_TARGET</key>
					<string>10.8</string>
					<key>OTHER_CPLUSPLUSFLAGS</key>
					<array>
						<string>-D__MACOSX_CORE__</string>
						<string>-mtune=native</string>
					</array>
					<key>SDKROOT</key>
					<string>macosx</string>
				</dict>
				<key>isa</key>
				<string>XCBuildConfiguration</string>
				<key>name</key>
				<string>AppStore</string>
			</dict>
			<key>99FA3DBC1C7456C400CFA0EE</key>
			<dict>
				<key>baseConfigurationReference</key>
				<string>E4EB6923138AFD0F00A09F29</string>
				<key>buildSettings</key>
				<dict>
					<key>OTHER_LDFLAGS</key>
					<array>
						<string>$(OF_CORE_FRAMEWORKS) $(OF_CORE_LIBS)</string>
						<string>../Shared/ofxLibwebsockets/libs/libwebsockets/lib/osx/libwebsockets.a</string>
						<string>../Shared/ofxLog4Cpp/libs/log4cpp/lib/osx/liblog4cpp.a</string>
					</array>
					<key>HEADER_SEARCH_PATHS</key>
					<array>
						<string>$(OF_CORE_HEADERS)</string>
						<string>src</string>
						<string>../../../addons/ofxGui/src</string>
						<string>../Shared/ofxLibwebsockets/libs/jsoncpp</string>
						<string>../Shared/ofxLibwebsockets/libs/jsoncpp/json</string>
						<string>../Shared/ofxLibwebsockets/libs/libwebsockets/include/</string>
						<string>../Shared/ofxLibwebsockets/libs/ofxLibwebsockets/include</string>
						<string>../Shared/ofxLibwebsockets/libs/ofxLibwebsockets/include/ofxLibwebsockets</string>
						<string>../Shared/ofxLibwebsockets/libs/ofxLibwebsockets/src</string>
						<string>../Shared/ofxLibwebsockets/src</string>
						<string>../Shared/ofxLog4Cpp/libs</string>
						<string>../Shared/ofxLog4Cpp/libs/log4cpp</string>
						<string>../Shared/ofxLog4Cpp/libs/log4cpp/include</string>
						<string>../Shared/ofxLog4Cpp/libs/log4cpp/include/log4cpp</string>
						<string>../Shared/ofxLog4Cpp/libs/log4cpp/include/log4cpp/threading</string>
						<string>../Shared/ofxLog4Cpp/libs/log4cpp/lib</string>
						<string>../Shared/ofxLog4Cpp/libs/log4cpp/lib/osx</string>
						<string>../Shared/ofxLog4Cpp/libs/log4cpp/lib/win_cb</string>
						<string>../Shared/ofxLog4Cpp/src</string>
					</array>
					<key>COMBINE_HIDPI_IMAGES</key>
					<string>YES</string>
					<key>COPY_PHASE_STRIP</key>
					<string>YES</string>
					<key>FRAMEWORK_SEARCH_PATHS</key>
					<array>
						<string>$(inherited)</string>
						<string>$(FRAMEWORK_SEARCH_PATHS_QUOTED_FOR_TARGET_1)</string>
					</array>
					<key>FRAMEWORK_SEARCH_PATHS_QUOTED_FOR_TARGET_1</key>
					<string>"$(SRCROOT)/../../../libs/glut/lib/osx"</string>
					<key>GCC_GENERATE_DEBUGGING_SYMBOLS</key>
					<string>YES</string>
					<key>GCC_MODEL_TUNING</key>
					<string>NONE</string>
					<key>GCC_PREPROCESSOR_DEFINITIONS[arch=*]</key>
					<string>APPSTORE=1</string>
					<key>ICON</key>
					<string>$(ICON_NAME_RELEASE)</string>
					<key>ICON_FILE</key>
					<string>$(ICON_FILE_PATH)$(ICON)</string>
					<key>INFOPLIST_FILE</key>
					<string>openFrameworks-Info.plist</string>
					<key>INSTALL_PATH</key>
					<string>/Applications</string>
					<key>LIBRARY_SEARCH_PATHS</key>
					<string>$(inherited)</string>
					<key>PRODUCT_NAME</key>
					<string>$(TARGET_NAME)</string>
					<key>WRAPPER_EXTENSION</key>
					<string>app</string>
					<key>baseConfigurationReference</key>
					<string>E4EB6923138AFD0F00A09F29</string>
				</dict>
				<key>isa</key>
				<string>XCBuildConfiguration</string>
				<key>name</key>
				<string>AppStore</string>
			</dict>
			<key>BB4B014C10F69532006C3DED</key>
			<dict>
				<key>children</key>
				<array>
					<string>480A780D8D0308AE4A368801</string>
				</array>
				<key>isa</key>
				<string>PBXGroup</string>
				<key>name</key>
				<string>addons</string>
				<key>sourceTree</key>
				<string>&lt;group&gt;</string>
			</dict>
			<key>E4328143138ABC890047C5CB</key>
			<dict>
				<key>isa</key>
				<string>PBXFileReference</string>
				<key>lastKnownFileType</key>
				<string>wrapper.pb-project</string>
				<key>name</key>
				<string>openFrameworksLib.xcodeproj</string>
				<key>path</key>
				<string>../../../libs/openFrameworksCompiled/project/osx/openFrameworksLib.xcodeproj</string>
				<key>sourceTree</key>
				<string>SOURCE_ROOT</string>
			</dict>
			<key>E4328144138ABC890047C5CB</key>
			<dict>
				<key>children</key>
				<array>
					<string>E4328148138ABC890047C5CB</string>
				</array>
				<key>isa</key>
				<string>PBXGroup</string>
				<key>name</key>
				<string>Products</string>
				<key>sourceTree</key>
				<string>&lt;group&gt;</string>
			</dict>
			<key>E4328147138ABC890047C5CB</key>
			<dict>
				<key>containerPortal</key>
				<string>E4328143138ABC890047C5CB</string>
				<key>isa</key>
				<string>PBXContainerItemProxy</string>
				<key>proxyType</key>
				<string>2</string>
				<key>remoteGlobalIDString</key>
				<string>E4B27C1510CBEB8E00536013</string>
				<key>remoteInfo</key>
				<string>openFrameworks</string>
			</dict>
			<key>E4328148138ABC890047C5CB</key>
			<dict>
				<key>fileType</key>
				<string>archive.ar</string>
				<key>isa</key>
				<string>PBXReferenceProxy</string>
				<key>path</key>
				<string>openFrameworksDebug.a</string>
				<key>remoteRef</key>
				<string>E4328147138ABC890047C5CB</string>
				<key>sourceTree</key>
				<string>BUILT_PRODUCTS_DIR</string>
			</dict>
			<key>E4328149138ABC9F0047C5CB</key>
			<dict>
				<key>fileRef</key>
				<string>E4328148138ABC890047C5CB</string>
				<key>isa</key>
				<string>PBXBuildFile</string>
			</dict>
			<key>E4B69B4A0A3A1720003C02F2</key>
			<dict>
				<key>children</key>
				<array>
					<string>E4B6FCAD0C3E899E008CF71C</string>
					<string>E4EB6923138AFD0F00A09F29</string>
					<string>E4B69E1C0A3A1BDC003C02F2</string>
					<string>E4EEC9E9138DF44700A80321</string>
					<string>BB4B014C10F69532006C3DED</string>
					<string>6948EE371B920CB800B5AC1A</string>
					<string>E4B69B5B0A3A1756003C02F2</string>
				</array>
				<key>isa</key>
				<string>PBXGroup</string>
				<key>sourceTree</key>
				<string>&lt;group&gt;</string>
			</dict>
			<key>E4B69B4C0A3A1720003C02F2</key>
			<dict>
				<key>attributes</key>
				<dict>
					<key>LastUpgradeCheck</key>
					<string>0600</string>
				</dict>
				<key>buildConfigurationList</key>
				<string>E4B69B4D0A3A1720003C02F2</string>
				<key>compatibilityVersion</key>
				<string>Xcode 3.2</string>
				<key>developmentRegion</key>
				<string>English</string>
				<key>hasScannedForEncodings</key>
				<string>0</string>
				<key>isa</key>
				<string>PBXProject</string>
				<key>knownRegions</key>
				<array>
					<string>English</string>
					<string>Japanese</string>
					<string>French</string>
					<string>German</string>
				</array>
				<key>mainGroup</key>
				<string>E4B69B4A0A3A1720003C02F2</string>
				<key>productRefGroup</key>
				<string>E4B69B4A0A3A1720003C02F2</string>
				<key>projectDirPath</key>
				<string />
				<key>projectReferences</key>
				<array>
					<dict>
						<key>ProductGroup</key>
						<string>E4328144138ABC890047C5CB</string>
						<key>ProjectRef</key>
						<string>E4328143138ABC890047C5CB</string>
					</dict>
				</array>
				<key>projectRoot</key>
				<string />
				<key>targets</key>
				<array>
					<string>E4B69B5A0A3A1756003C02F2</string>
				</array>
			</dict>
			<key>E4B69B4D0A3A1720003C02F2</key>
			<dict>
				<key>buildConfigurations</key>
				<array>
					<string>E4B69B4E0A3A1720003C02F2</string>
					<string>E4B69B4F0A3A1720003C02F2</string>
					<string>99FA3DBB1C7456C400CFA0EE</string>
				</array>
				<key>defaultConfigurationIsVisible</key>
				<string>0</string>
				<key>defaultConfigurationName</key>
				<string>Release</string>
				<key>isa</key>
				<string>XCConfigurationList</string>
			</dict>
			<key>E4B69B4E0A3A1720003C02F2</key>
			<dict>
				<key>baseConfigurationReference</key>
				<string>E4EB6923138AFD0F00A09F29</string>
				<key>buildSettings</key>
				<dict>
					<key>OTHER_LDFLAGS</key>
					<array>
						<string>$(OF_CORE_FRAMEWORKS) $(OF_CORE_LIBS)</string>
						<string>../Shared/ofxLibwebsockets/libs/libwebsockets/lib/osx/libwebsockets.a</string>
						<string>../Shared/ofxLog4Cpp/libs/log4cpp/lib/osx/liblog4cpp.a</string>
					</array>
					<key>HEADER_SEARCH_PATHS</key>
					<array>
						<string>$(OF_CORE_HEADERS)</string>
						<string>src</string>
						<string>../../../addons/ofxGui/src</string>
						<string>../Shared/ofxLibwebsockets/libs/jsoncpp</string>
						<string>../Shared/ofxLibwebsockets/libs/jsoncpp/json</string>
						<string>../Shared/ofxLibwebsockets/libs/libwebsockets/include/</string>
						<string>../Shared/ofxLibwebsockets/libs/ofxLibwebsockets/include</string>
						<string>../Shared/ofxLibwebsockets/libs/ofxLibwebsockets/include/ofxLibwebsockets</string>
						<string>../Shared/ofxLibwebsockets/libs/ofxLibwebsockets/src</string>
						<string>../Shared/ofxLibwebsockets/src</string>
						<string>../Shared/ofxLog4Cpp/libs</string>
						<string>../Shared/ofxLog4Cpp/libs/log4cpp</string>
						<string>../Shared/ofxLog4Cpp/libs/log4cpp/include</string>
						<string>../Shared/ofxLog4Cpp/libs/log4cpp/include/log4cpp</string>
						<string>../Shared/ofxLog4Cpp/libs/log4cpp/include/log4cpp/threading</string>
						<string>../Shared/ofxLog4Cpp/libs/log4cpp/lib</string>
						<string>../Shared/ofxLog4Cpp/libs/log4cpp/lib/osx</string>
						<string>../Shared/ofxLog4Cpp/libs/log4cpp/lib/win_cb</string>
						<string>../Shared/ofxLog4Cpp/src</string>
					</array>
					<key>CONFIGURATION_BUILD_DIR</key>
					<string>$(SRCROOT)/bin/</string>
					<key>COPY_PHASE_STRIP</key>
					<string>NO</string>
					<key>DEAD_CODE_STRIPPING</key>
					<string>YES</string>
					<key>GCC_AUTO_VECTORIZATION</key>
					<string>YES</string>
					<key>GCC_ENABLE_SSE3_EXTENSIONS</key>
					<string>YES</string>
					<key>GCC_ENABLE_SUPPLEMENTAL_SSE3_INSTRUCTIONS</key>
					<string>YES</string>
					<key>GCC_INLINES_ARE_PRIVATE_EXTERN</key>
					<string>NO</string>
					<key>GCC_OPTIMIZATION_LEVEL</key>
					<string>0</string>
					<key>GCC_SYMBOLS_PRIVATE_EXTERN</key>
					<string>NO</string>
					<key>GCC_WARN_ABOUT_DEPRECATED_FUNCTIONS</key>
					<string>YES</string>
					<key>GCC_WARN_ABOUT_INVALID_OFFSETOF_MACRO</key>
					<string>NO</string>
					<key>GCC_WARN_ALLOW_INCOMPLETE_PROTOCOL</key>
					<string>NO</string>
					<key>GCC_WARN_UNINITIALIZED_AUTOS</key>
					<string>NO</string>
					<key>GCC_WARN_UNUSED_VALUE</key>
					<string>NO</string>
					<key>GCC_WARN_UNUSED_VARIABLE</key>
					<string>NO</string>
					<key>MACOSX_DEPLOYMENT_TARGET</key>
					<string>10.8</string>
					<key>ONLY_ACTIVE_ARCH</key>
					<string>YES</string>
					<key>OTHER_CPLUSPLUSFLAGS</key>
					<array>
						<string>-D__MACOSX_CORE__</string>
						<string>-mtune=native</string>
					</array>
					<key>SDKROOT</key>
					<string>macosx</string>
				</dict>
				<key>isa</key>
				<string>XCBuildConfiguration</string>
				<key>name</key>
				<string>Debug</string>
			</dict>
			<key>E4B69B4F0A3A1720003C02F2</key>
			<dict>
				<key>baseConfigurationReference</key>
				<string>E4EB6923138AFD0F00A09F29</string>
				<key>buildSettings</key>
				<dict>
					<key>OTHER_LDFLAGS</key>
					<array>
						<string>$(OF_CORE_FRAMEWORKS) $(OF_CORE_LIBS)</string>
						<string>../Shared/ofxLibwebsockets/libs/libwebsockets/lib/osx/libwebsockets.a</string>
						<string>../Shared/ofxLog4Cpp/libs/log4cpp/lib/osx/liblog4cpp.a</string>
					</array>
					<key>HEADER_SEARCH_PATHS</key>
					<array>
						<string>$(OF_CORE_HEADERS)</string>
						<string>src</string>
						<string>../../../addons/ofxGui/src</string>
						<string>../Shared/ofxLibwebsockets/libs/jsoncpp</string>
						<string>../Shared/ofxLibwebsockets/libs/jsoncpp/json</string>
						<string>../Shared/ofxLibwebsockets/libs/libwebsockets/include/</string>
						<string>../Shared/ofxLibwebsockets/libs/ofxLibwebsockets/include</string>
						<string>../Shared/ofxLibwebsockets/libs/ofxLibwebsockets/include/ofxLibwebsockets</string>
						<string>../Shared/ofxLibwebsockets/libs/ofxLibwebsockets/src</string>
						<string>../Shared/ofxLibwebsockets/src</string>
						<string>../Shared/ofxLog4Cpp/libs</string>
						<string>../Shared/ofxLog4Cpp/libs/log4cpp</string>
						<string>../Shared/ofxLog4Cpp/libs/log4cpp/include</string>
						<string>../Shared/ofxLog4Cpp/libs/log4cpp/include/log4cpp</string>
						<string>../Shared/ofxLog4Cpp/libs/log4cpp/include/log4cpp/threading</string>
						<string>../Shared/ofxLog4Cpp/libs/log4cpp/lib</string>
						<string>../Shared/ofxLog4Cpp/libs/log4cpp/lib/osx</string>
						<string>../Shared/ofxLog4Cpp/libs/log4cpp/lib/win_cb</string>
						<string>../Shared/ofxLog4Cpp/src</string>
					</array>
					<key>CONFIGURATION_BUILD_DIR</key>
					<string>$(SRCROOT)/bin/</string>
					<key>COPY_PHASE_STRIP</key>
					<string>YES</string>
					<key>DEAD_CODE_STRIPPING</key>
					<string>YES</string>
					<key>GCC_AUTO_VECTORIZATION</key>
					<string>YES</string>
					<key>GCC_ENABLE_SSE3_EXTENSIONS</key>
					<string>YES</string>
					<key>GCC_ENABLE_SUPPLEMENTAL_SSE3_INSTRUCTIONS</key>
					<string>YES</string>
					<key>GCC_INLINES_ARE_PRIVATE_EXTERN</key>
					<string>NO</string>
					<key>GCC_OPTIMIZATION_LEVEL</key>
					<string>3</string>
					<key>GCC_SYMBOLS_PRIVATE_EXTERN</key>
					<string>NO</string>
					<key>GCC_UNROLL_LOOPS</key>
					<string>YES</string>
					<key>GCC_WARN_ABOUT_DEPRECATED_FUNCTIONS</key>
					<string>YES</string>
					<key>GCC_WARN_ABOUT_INVALID_OFFSETOF_MACRO</key>
					<string>NO</string>
					<key>GCC_WARN_ALLOW_INCOMPLETE_PROTOCOL</key>
					<string>NO</string>
					<key>GCC_WARN_UNINITIALIZED_AUTOS</key>
					<string>NO</string>
					<key>GCC_WARN_UNUSED_VALUE</key>
					<string>NO</string>
					<key>GCC_WARN_UNUSED_VARIABLE</key>
					<string>NO</string>
					<key>MACOSX_DEPLOYMENT_TARGET</key>
					<string>10.8</string>
					<key>OTHER_CPLUSPLUSFLAGS</key>
					<array>
						<string>-D__MACOSX_CORE__</string>
						<string>-mtune=native</string>
					</array>
					<key>SDKROOT</key>
					<string>macosx</string>
				</dict>
				<key>isa</key>
				<string>XCBuildConfiguration</string>
				<key>name</key>
				<string>Release</string>
			</dict>
			<key>E4B69B580A3A1756003C02F2</key>
			<dict>
				<key>buildActionMask</key>
				<string>2147483647</string>
				<key>files</key>
				<array>
					<string>E4B69E200A3A1BDC003C02F2</string>
					<string>E4B69E210A3A1BDC003C02F2</string>
					<string>856AA354D08AB4B323081444</string>
					<string>5CBB2AB3A60F65431D7B555D</string>
					<string>B266578FC55D23BFEBC042E7</string>
					<string>483908258D00B98B4BE69F07</string>
					<string>F285EB3169F1566CA3D93C20</string>
					<string>837220E80EB56CD44AD27F2A</string>
					<string>B56FE57CC35806596D38118C</string>
					<string>1CD33E884D9E3358252E82A1</string>
					<string>3A9637504D3CD591629716DC</string>
					<string>FC36A38E03469AA0C71C970C</string>
					<string>C64E40666C3C6F2429391EEE</string>
					<string>50B5B9C8BF5AA819EAE60540</string>
					<string>2881C0A496BCD214608ECC49</string>
					<string>901A1C7D315AB9D83F855367</string>
					<string>FD4BE8E59EB7F0CA6C35E84C</string>
					<string>635536088FD4ABDE86727369</string>
					<string>4294267CF1E565AD1BFEACEC</string>
					<string>CB7A974EDB838D66F2291D8E</string>
				</array>
				<key>isa</key>
				<string>PBXSourcesBuildPhase</string>
				<key>runOnlyForDeploymentPostprocessing</key>
				<string>0</string>
			</dict>
			<key>E4B69B590A3A1756003C02F2</key>
			<dict>
				<key>buildActionMask</key>
				<string>2147483647</string>
				<key>files</key>
				<array>
					<string>E4328149138ABC9F0047C5CB</string>
				</array>
				<key>isa</key>
				<string>PBXFrameworksBuildPhase</string>
				<key>runOnlyForDeploymentPostprocessing</key>
				<string>0</string>
			</dict>
			<key>E4B69B5A0A3A1756003C02F2</key>
			<dict>
				<key>buildConfigurationList</key>
				<string>E4B69B5F0A3A1757003C02F2</string>
				<key>buildPhases</key>
				<array>
					<string>E4B69B580A3A1756003C02F2</string>
					<string>E4B69B590A3A1756003C02F2</string>
					<string>E4B6FFFD0C3F9AB9008CF71C</string>
					<string>E4C2427710CC5ABF004149E2</string>
					<string>8466F1851C04CA0E00918B1C</string>
				</array>
				<key>buildRules</key>
				<array />
				<key>dependencies</key>
				<array>
					<string>E4EEB9AC138B136A00A80321</string>
				</array>
				<key>isa</key>
				<string>PBXNativeTarget</string>
				<key>name</key>
				<string>wsVideoStreamer</string>
				<key>productName</key>
				<string>myOFApp</string>
				<key>productReference</key>
				<string>E4B69B5B0A3A1756003C02F2</string>
				<key>productType</key>
				<string>com.apple.product-type.application</string>
			</dict>
			<key>E4B69B5B0A3A1756003C02F2</key>
			<dict>
				<key>explicitFileType</key>
				<string>wrapper.application</string>
				<key>includeInIndex</key>
				<string>0</string>
				<key>isa</key>
				<string>PBXFileReference</string>
				<key>path</key>
				<string>wsVideoStreamerDebug.app</string>
				<key>sourceTree</key>
				<string>BUILT_PRODUCTS_DIR</string>
			</dict>
			<key>E4B69B5F0A3A1757003C02F2</key>
			<dict>
				<key>buildConfigurations</key>
				<array>
					<string>E4B69B600A3A1757003C02F2</string>
					<string>E4B69B610A3A1757003C02F2</string>
					<string>99FA3DBC1C7456C400CFA0EE</string>
				</array>
				<key>defaultConfigurationIsVisible</key>
				<string>0</string>
				<key>defaultConfigurationName</key>
				<string>Release</string>
				<key>isa</key>
				<string>XCConfigurationList</string>
			</dict>
			<key>E4B69B600A3A1757003C02F2</key>
			<dict>
				<key>baseConfigurationReference</key>
				<string>E4EB6923138AFD0F00A09F29</string>
				<key>buildSettings</key>
				<dict>
					<key>OTHER_LDFLAGS</key>
					<array>
						<string>$(OF_CORE_FRAMEWORKS) $(OF_CORE_LIBS)</string>
						<string>../Shared/ofxLibwebsockets/libs/libwebsockets/lib/osx/libwebsockets.a</string>
						<string>../Shared/ofxLog4Cpp/libs/log4cpp/lib/osx/liblog4cpp.a</string>
					</array>
					<key>HEADER_SEARCH_PATHS</key>
					<array>
						<string>$(OF_CORE_HEADERS)</string>
						<string>src</string>
						<string>../../../addons/ofxGui/src</string>
						<string>../Shared/ofxLibwebsockets/libs/jsoncpp</string>
						<string>../Shared/ofxLibwebsockets/libs/jsoncpp/json</string>
						<string>../Shared/ofxLibwebsockets/libs/libwebsockets/include/</string>
						<string>../Shared/ofxLibwebsockets/libs/ofxLibwebsockets/include</string>
						<string>../Shared/ofxLibwebsockets/libs/ofxLibwebsockets/include/ofxLibwebsockets</string>
						<string>../Shared/ofxLibwebsockets/libs/ofxLibwebsockets/src</string>
						<string>../Shared/ofxLibwebsockets/src</string>
						<string>../Shared/ofxLog4Cpp/libs</string>
						<string>../Shared/ofxLog4Cpp/libs/log4cpp</string>
						<string>../Shared/ofxLog4Cpp/libs/log4cpp/include</string>
						<string>../Shared/ofxLog4Cpp/libs/log4cpp/include/log4cpp</string>
						<string>../Shared/ofxLog4Cpp/libs/log4cpp/include/log4cpp/threading</string>
						<string>../Shared/ofxLog4Cpp/libs/log4cpp/lib</string>
						<string>../Shared/ofxLog4Cpp/libs/log4cpp/lib/osx</string>
						<string>../Shared/ofxLog4Cpp/libs/log4cpp/lib/win_cb</string>
						<string>../Shared/ofxLog4Cpp/src</string>
					</array>
					<key>COMBINE_HIDPI_IMAGES</key>
					<string>YES</string>
					<key>COPY_PHASE_STRIP</key>
					<string>NO</string>
					<key>FRAMEWORK_SEARCH_PATHS</key>
					<array>
						<string>$(inherited)</string>
						<string>$(FRAMEWORK_SEARCH_PATHS_QUOTED_FOR_TARGET_1)</string>
					</array>
					<key>FRAMEWORK_SEARCH_PATHS_QUOTED_FOR_TARGET_1</key>
					<string>"$(SRCROOT)/../../../libs/glut/lib/osx"</string>
					<key>GCC_DYNAMIC_NO_PIC</key>
					<string>NO</string>
					<key>GCC_GENERATE_DEBUGGING_SYMBOLS</key>
					<string>YES</string>
					<key>GCC_MODEL_TUNING</key>
					<string>NONE</string>
					<key>ICON</key>
					<string>$(ICON_NAME_DEBUG)</string>
					<key>ICON_FILE</key>
					<string>$(ICON_FILE_PATH)$(ICON)</string>
					<key>INFOPLIST_FILE</key>
					<string>openFrameworks-Info.plist</string>
					<key>INSTALL_PATH</key>
					<string>/Applications</string>
					<key>LIBRARY_SEARCH_PATHS</key>
					<string>$(inherited)</string>
					<key>PRODUCT_NAME</key>
					<string>$(TARGET_NAME)Debug</string>
					<key>WRAPPER_EXTENSION</key>
					<string>app</string>
				</dict>
				<key>isa</key>
				<string>XCBuildConfiguration</string>
				<key>name</key>
				<string>Debug</string>
			</dict>
			<key>E4B69B610A3A1757003C02F2</key>
			<dict>
				<key>baseConfigurationReference</key>
				<string>E4EB6923138AFD0F00A09F29</string>
				<key>buildSettings</key>
				<dict>
					<key>OTHER_LDFLAGS</key>
					<array>
						<string>$(OF_CORE_FRAMEWORKS) $(OF_CORE_LIBS)</string>
						<string>../Shared/ofxLibwebsockets/libs/libwebsockets/lib/osx/libwebsockets.a</string>
						<string>../Shared/ofxLog4Cpp/libs/log4cpp/lib/osx/liblog4cpp.a</string>
					</array>
					<key>HEADER_SEARCH_PATHS</key>
					<array>
						<string>$(OF_CORE_HEADERS)</string>
						<string>src</string>
						<string>../../../addons/ofxGui/src</string>
						<string>../Shared/ofxLibwebsockets/libs/jsoncpp</string>
						<string>../Shared/ofxLibwebsockets/libs/jsoncpp/json</string>
						<string>../Shared/ofxLibwebsockets/libs/libwebsockets/include/</string>
						<string>../Shared/ofxLibwebsockets/libs/ofxLibwebsockets/include</string>
						<string>../Shared/ofxLibwebsockets/libs/ofxLibwebsockets/include/ofxLibwebsockets</string>
						<string>../Shared/ofxLibwebsockets/libs/ofxLibwebsockets/src</string>
						<string>../Shared/ofxLibwebsockets/src</string>
						<string>../Shared/ofxLog4Cpp/libs</string>
						<string>../Shared/ofxLog4Cpp/libs/log4cpp</string>
						<string>../Shared/ofxLog4Cpp/libs/log4cpp/include</string>
						<string>../Shared/ofxLog4Cpp/libs/log4cpp/include/log4cpp</string>
						<string>../Shared/ofxLog4Cpp/libs/log4cpp/include/log4cpp/threading</string>
						<string>../Shared/ofxLog4Cpp/libs/log4cpp/lib</string>
						<string>../Shared/ofxLog4Cpp/libs/log4cpp/lib/osx</string>
						<string>../Shared/ofxLog4Cpp/libs/log4cpp/lib/win_cb</string>
						<string>../Shared/ofxLog4Cpp/src</string>
					</array>
					<key>COMBINE_HIDPI_IMAGES</key>
					<string>YES</string>
					<key>COPY_PHASE_STRIP</key>
					<string>YES</string>
					<key>FRAMEWORK_SEARCH_PATHS</key>
					<array>
						<string>$(inherited)</string>
						<string>$(FRAMEWORK_SEARCH_PATHS_QUOTED_FOR_TARGET_1)</string>
					</array>
					<key>FRAMEWORK_SEARCH_PATHS_QUOTED_FOR_TARGET_1</key>
					<string>"$(SRCROOT)/../../../libs/glut/lib/osx"</string>
					<key>GCC_GENERATE_DEBUGGING_SYMBOLS</key>
					<string>YES</string>
					<key>GCC_MODEL_TUNING</key>
					<string>NONE</string>
					<key>ICON</key>
					<string>$(ICON_NAME_RELEASE)</string>
					<key>ICON_FILE</key>
					<string>$(ICON_FILE_PATH)$(ICON)</string>
					<key>INFOPLIST_FILE</key>
					<string>openFrameworks-Info.plist</string>
					<key>INSTALL_PATH</key>
					<string>/Applications</string>
					<key>LIBRARY_SEARCH_PATHS</key>
					<string>$(inherited)</string>
					<key>PRODUCT_NAME</key>
					<string>$(TARGET_NAME)</string>
					<key>WRAPPER_EXTENSION</key>
					<string>app</string>
					<key>baseConfigurationReference</key>
					<string>E4EB6923138AFD0F00A09F29</string>
				</dict>
				<key>isa</key>
				<string>XCBuildConfiguration</string>
				<key>name</key>
				<string>Release</string>
			</dict>
			<key>E4B69E1C0A3A1BDC003C02F2</key>
			<dict>
				<key>children</key>
				<array>
					<string>E4B69E1D0A3A1BDC003C02F2</string>
					<string>E4B69E1E0A3A1BDC003C02F2</string>
					<string>E4B69E1F0A3A1BDC003C02F2</string>
				</array>
				<key>isa</key>
				<string>PBXGroup</string>
				<key>path</key>
				<string>src</string>
				<key>sourceTree</key>
				<string>SOURCE_ROOT</string>
			</dict>
			<key>E4B69E1D0A3A1BDC003C02F2</key>
			<dict>
				<key>fileEncoding</key>
				<string>30</string>
				<key>isa</key>
				<string>PBXFileReference</string>
				<key>lastKnownFileType</key>
				<string>sourcecode.cpp.cpp</string>
				<key>name</key>
				<string>main.cpp</string>
				<key>path</key>
				<string>src/main.cpp</string>
				<key>sourceTree</key>
				<string>SOURCE_ROOT</string>
			</dict>
			<key>E4B69E1E0A3A1BDC003C02F2</key>
			<dict>
				<key>explicitFileType</key>
				<string>sourcecode.cpp.cpp</string>
				<key>fileEncoding</key>
				<string>30</string>
				<key>isa</key>
				<string>PBXFileReference</string>
				<key>name</key>
				<string>ofApp.cpp</string>
				<key>path</key>
				<string>src/ofApp.cpp</string>
				<key>sourceTree</key>
				<string>SOURCE_ROOT</string>
			</dict>
			<key>E4B69E1F0A3A1BDC003C02F2</key>
			<dict>
				<key>fileEncoding</key>
				<string>30</string>
				<key>isa</key>
				<string>PBXFileReference</string>
				<key>lastKnownFileType</key>
				<string>sourcecode.c.h</string>
				<key>name</key>
				<string>ofApp.h</string>
				<key>path</key>
				<string>src/ofApp.h</string>
				<key>sourceTree</key>
				<string>SOURCE_ROOT</string>
			</dict>
			<key>E4B69E200A3A1BDC003C02F2</key>
			<dict>
				<key>fileRef</key>
				<string>E4B69E1D0A3A1BDC003C02F2</string>
				<key>isa</key>
				<string>PBXBuildFile</string>
			</dict>
			<key>E4B69E210A3A1BDC003C02F2</key>
			<dict>
				<key>fileRef</key>
				<string>E4B69E1E0A3A1BDC003C02F2</string>
				<key>isa</key>
				<string>PBXBuildFile</string>
			</dict>
			<key>E4B6FCAD0C3E899E008CF71C</key>
			<dict>
				<key>fileEncoding</key>
				<string>30</string>
				<key>isa</key>
				<string>PBXFileReference</string>
				<key>lastKnownFileType</key>
				<string>text.plist.xml</string>
				<key>path</key>
				<string>openFrameworks-Info.plist</string>
				<key>sourceTree</key>
				<string>&lt;group&gt;</string>
			</dict>
			<key>E4B6FFFD0C3F9AB9008CF71C</key>
			<dict>
				<key>buildActionMask</key>
				<string>2147483647</string>
				<key>files</key>
				<array />
				<key>inputPaths</key>
				<array />
				<key>isa</key>
				<string>PBXShellScriptBuildPhase</string>
				<key>outputPaths</key>
				<array />
				<key>runOnlyForDeploymentPostprocessing</key>
				<string>0</string>
				<key>shellPath</key>
				<string>/bin/sh</string>
				<key>shellScript</key>
				<string>mkdir -p "$TARGET_BUILD_DIR/$PRODUCT_NAME.app/Contents/Resources/"
# Copy default icon file into App/Resources
rsync -aved "$ICON_FILE" "$TARGET_BUILD_DIR/$PRODUCT_NAME.app/Contents/Resources/"
# Copy libfmod and change install directory for fmod to run
rsync -aved ../../../libs/fmodex/lib/osx/libfmodex.dylib "$TARGET_BUILD_DIR/$PRODUCT_NAME.app/Contents/Frameworks/";
install_name_tool -change @executable_path/libfmodex.dylib @executable_path/../Frameworks/libfmodex.dylib "$TARGET_BUILD_DIR/$PRODUCT_NAME.app/Contents/MacOS/$PRODUCT_NAME";

echo "$GCC_PREPROCESSOR_DEFINITIONS";
APPSTORE=`expr "$GCC_PREPROCESSOR_DEFINITIONS" : ".*APPSTORE=\([0-9]*\)"`
if [ -z "${APPSTORE}" ] ; then
echo "Copying GLUT framework";
# Copy GLUT framework (must remove for AppStore submissions)
rsync -aved ../../../libs/glut/lib/osx/GLUT.framework "$TARGET_BUILD_DIR/$PRODUCT_NAME.app/Contents/Frameworks/"
else
echo "Not including GLUT";
fi
</string>
			</dict>
			<key>E4C2427710CC5ABF004149E2</key>
			<dict>
				<key>buildActionMask</key>
				<string>2147483647</string>
				<key>dstPath</key>
				<string />
				<key>dstSubfolderSpec</key>
				<string>10</string>
				<key>files</key>
				<array />
				<key>isa</key>
				<string>PBXCopyFilesBuildPhase</string>
				<key>runOnlyForDeploymentPostprocessing</key>
				<string>0</string>
			</dict>
			<key>E4EB691F138AFCF100A09F29</key>
			<dict>
				<key>fileEncoding</key>
				<string>4</string>
				<key>isa</key>
				<string>PBXFileReference</string>
				<key>lastKnownFileType</key>
				<string>text.xcconfig</string>
				<key>name</key>
				<string>CoreOF.xcconfig</string>
				<key>path</key>
				<string>../../../libs/openFrameworksCompiled/project/osx/CoreOF.xcconfig</string>
				<key>sourceTree</key>
				<string>SOURCE_ROOT</string>
			</dict>
			<key>E4EB6923138AFD0F00A09F29</key>
			<dict>
				<key>fileEncoding</key>
				<string>4</string>
				<key>isa</key>
				<string>PBXFileReference</string>
				<key>lastKnownFileType</key>
				<string>text.xcconfig</string>
				<key>path</key>
				<string>Project.xcconfig</string>
				<key>sourceTree</key>
				<string>&lt;group&gt;</string>
			</dict>
			<key>E4EEB9AB138B136A00A80321</key>
			<dict>
				<key>containerPortal</key>
				<string>E4328143138ABC890047C5CB</string>
				<key>isa</key>
				<string>PBXContainerItemProxy</string>
				<key>proxyType</key>
				<string>1</string>
				<key>remoteGlobalIDString</key>
				<string>E4B27C1410CBEB8E00536013</string>
				<key>remoteInfo</key>
				<string>openFrameworks</string>
			</dict>
			<key>E4EEB9AC138B136A00A80321</key>
			<dict>
				<key>isa</key>
				<string>PBXTargetDependency</string>
				<key>name</key>
				<string>openFrameworks</string>
				<key>targetProxy</key>
				<string>E4EEB9AB138B136A00A80321</string>
			</dict>
			<key>E4EEC9E9138DF44700A80321</key>
			<dict>
				<key>children</key>
				<array>
					<string>E4EB691F138AFCF100A09F29</string>
					<string>E4328143138ABC890047C5CB</string>
				</array>
				<key>isa</key>
				<string>PBXGroup</string>
				<key>name</key>
				<string>openFrameworks</string>
				<key>sourceTree</key>
				<string>&lt;group&gt;</string>
			</dict>
		</dict>
		<key>rootObject</key>
		<string>E4B69B4C0A3A1720003C02F2</string>
	</dict>
</plist>
